
Microsoft Visual Studio Solution File, Format Version 12.00
Project("{FAE04EC0-301F-11D3-BF4B-00C04F79EFBC}") = "Nebulosa.Api", "Nebulosa.Api\Nebulosa.Api.csproj", "{2E0EB12F-6D86-476F-9A95-0E944B4E4D2B}"
EndProject
Global
	GlobalSection(SolutionConfigurationPlatforms) = preSolution
		Debug|Any CPU = Debug|Any CPU
		Release|Any CPU = Release|Any CPU
	EndGlobalSection
	GlobalSection(ProjectConfigurationPlatforms) = postSolution
		{2E0EB12F-6D86-476F-9A95-0E944B4E4D2B}.Debug|Any CPU.ActiveCfg = Debug|Any CPU
		{2E0EB12F-6D86-476F-9A95-0E944B4E4D2B}.Debug|Any CPU.Build.0 = Debug|Any CPU
		{2E0EB12F-6D86-476F-9A95-0E944B4E4D2B}.Release|Any CPU.ActiveCfg = Release|Any CPU
		{2E0EB12F-6D86-476F-9A95-0E944B4E4D2B}.Release|Any CPU.Build.0 = Release|Any CPU
	EndGlobalSection
EndGlobal
